
Microsoft Visual Studio Solution File, Format Version 12.00
# Visual Studio Version 17
VisualStudioVersion = 17.14.37012.4 d17.14
MinimumVisualStudioVersion = 10.0.40219.1
Project("{FAE04EC0-301F-11D3-BF4B-00C04F79EFBC}") = "Plugin.sc_DigitalProduct", "Plugin.sc_DigitalProduct\Plugin.sc_DigitalProduct.csproj", "{5ECB1052-57C0-4CB7-A728-49808D278CE4}"
EndProject
Global
	GlobalSection(SolutionConfigurationPlatforms) = preSolution
		Debug|Any CPU = Debug|Any CPU
		Release|Any CPU = Release|Any CPU
	EndGlobalSection
	GlobalSection(ProjectConfigurationPlatforms) = postSolution
		{5ECB1052-57C0-4CB7-A728-49808D278CE4}.Debug|Any CPU.ActiveCfg = Debug|Any CPU
		{5ECB1052-57C0-4CB7-A728-49808D278CE4}.Debug|Any CPU.Build.0 = Debug|Any CPU
		{5ECB1052-57C0-4CB7-A728-49808D278CE4}.Release|Any CPU.ActiveCfg = Release|Any CPU
		{5ECB1052-57C0-4CB7-A728-49808D278CE4}.Release|Any CPU.Build.0 = Release|Any CPU
	EndGlobalSection
	GlobalSection(SolutionProperties) = preSolution
		HideSolutionNode = FALSE
	EndGlobalSection
	GlobalSection(ExtensibilityGlobals) = postSolution
		SolutionGuid = {11731221-F15D-47D7-8214-AF888CD38C7D}
	EndGlobalSection
EndGlobal
